// !$*UTF8*$!
{
	archiveVersion = 1;
	classes = {
	};
	objectVersion = 56;
	objects = {

/* Begin PBXBuildFile section */
		040AB3342BA4887100B3C669 /* SplashController.m in Sources */ = {isa = PBXBuildFile; fileRef = 040AB3332BA4887100B3C669 /* SplashController.m */; };
		040AB3382BA4898000B3C669 /* LoginHomeController.m in Sources */ = {isa = PBXBuildFile; fileRef = 040AB3372BA4898000B3C669 /* LoginHomeController.m */; };
		042AFFA42BB02B97009029E9 /* LoginController.m in Sources */ = {isa = PBXBuildFile; fileRef = 042AFFA32BB02B97009029E9 /* LoginController.m */; };
		042AFFA72BB0665C009029E9 /* RegisterController.m in Sources */ = {isa = PBXBuildFile; fileRef = 042AFFA62BB0665C009029E9 /* RegisterController.m */; };
		047CD33D2B90D32400363257 /* AppDelegate.m in Sources */ = {isa = PBXBuildFile; fileRef = 047CD33C2B90D32400363257 /* AppDelegate.m */; };
		047CD3402B90D32400363257 /* SceneDelegate.m in Sources */ = {isa = PBXBuildFile; fileRef = 047CD33F2B90D32400363257 /* SceneDelegate.m */; };
		047CD3432B90D32400363257 /* ViewController.m in Sources */ = {isa = PBXBuildFile; fileRef = 047CD3422B90D32400363257 /* ViewController.m */; };
		047CD3462B90D32400363257 /* Main.storyboard in Resources */ = {isa = PBXBuildFile; fileRef = 047CD3442B90D32400363257 /* Main.storyboard */; };
		047CD3482B90D32600363257 /* Assets.xcassets in Resources */ = {isa = PBXBuildFile; fileRef = 047CD3472B90D32600363257 /* Assets.xcassets */; };
		047CD34B2B90D32600363257 /* LaunchScreen.storyboard in Resources */ = {isa = PBXBuildFile; fileRef = 047CD3492B90D32600363257 /* LaunchScreen.storyboard */; };
		047CD34E2B90D32600363257 /* main.m in Sources */ = {isa = PBXBuildFile; fileRef = 047CD34D2B90D32600363257 /* main.m */; };
		047CD3582B90D32600363257 /* MyCloudMusicTests.m in Sources */ = {isa = PBXBuildFile; fileRef = 047CD3572B90D32600363257 /* MyCloudMusicTests.m */; };
		047CD3622B90D32600363257 /* MyCloudMusicUITests.m in Sources */ = {isa = PBXBuildFile; fileRef = 047CD3612B90D32600363257 /* MyCloudMusicUITests.m */; };
		047CD3642B90D32600363257 /* MyCloudMusicUITestsLaunchTests.m in Sources */ = {isa = PBXBuildFile; fileRef = 047CD3632B90D32600363257 /* MyCloudMusicUITestsLaunchTests.m */; };
/* End PBXBuildFile section */

/* Begin PBXContainerItemProxy section */
		047CD3542B90D32600363257 /* PBXContainerItemProxy */ = {
			isa = PBXContainerItemProxy;
			containerPortal = 047CD3302B90D32400363257 /* Project object */;
			proxyType = 1;
			remoteGlobalIDString = 047CD3372B90D32400363257;
			remoteInfo = MyCloudMusic;
		};
		047CD35E2B90D32600363257 /* PBXContainerItemProxy */ = {
			isa = PBXContainerItemProxy;
			containerPortal = 047CD3302B90D32400363257 /* Project object */;
			proxyType = 1;
			remoteGlobalIDString = 047CD3372B90D32400363257;
			remoteInfo = MyCloudMusic;
		};
/* End PBXContainerItemProxy section */

/* Begin PBXFileReference section */
		040AB3322BA4887100B3C669 /* SplashController.h */ = {isa = PBXFileReference; lastKnownFileType = sourcecode.c.h; path = SplashController.h; sourceTree = "<group>"; };
		040AB3332BA4887100B3C669 /* SplashController.m */ = {isa = PBXFileReference; lastKnownFileType = sourcecode.c.objc; path = SplashController.m; sourceTree = "<group>"; };
		040AB3362BA4898000B3C669 /* LoginHomeController.h */ = {isa = PBXFileReference; lastKnownFileType = sourcecode.c.h; path = LoginHomeController.h; sourceTree = "<group>"; };
		040AB3372BA4898000B3C669 /* LoginHomeController.m */ = {isa = PBXFileReference; lastKnownFileType = sourcecode.c.objc; path = LoginHomeController.m; sourceTree = "<group>"; };
		042AFFA22BB02B97009029E9 /* LoginController.h */ = {isa = PBXFileReference; lastKnownFileType = sourcecode.c.h; path = LoginController.h; sourceTree = "<group>"; };
		042AFFA32BB02B97009029E9 /* LoginController.m */ = {isa = PBXFileReference; lastKnownFileType = sourcecode.c.objc; path = LoginController.m; sourceTree = "<group>"; };
		042AFFA52BB0665C009029E9 /* RegisterController.h */ = {isa = PBXFileReference; lastKnownFileType = sourcecode.c.h; path = RegisterController.h; sourceTree = "<group>"; };
		042AFFA62BB0665C009029E9 /* RegisterController.m */ = {isa = PBXFileReference; lastKnownFileType = sourcecode.c.objc; path = RegisterController.m; sourceTree = "<group>"; };
		047CD3382B90D32400363257 /* MyCloudMusic.app */ = {isa = PBXFileReference; explicitFileType = wrapper.application; includeInIndex = 0; path = MyCloudMusic.app; sourceTree = BUILT_PRODUCTS_DIR; };
		047CD33B2B90D32400363257 /* AppDelegate.h */ = {isa = PBXFileReference; lastKnownFileType = sourcecode.c.h; path = AppDelegate.h; sourceTree = "<group>"; };
		047CD33C2B90D32400363257 /* AppDelegate.m */ = {isa = PBXFileReference; lastKnownFileType = sourcecode.c.objc; path = AppDelegate.m; sourceTree = "<group>"; };
		047CD33E2B90D32400363257 /* SceneDelegate.h */ = {isa = PBXFileReference; lastKnownFileType = sourcecode.c.h; path = SceneDelegate.h; sourceTree = "<group>"; };
		047CD33F2B90D32400363257 /* SceneDelegate.m */ = {isa = PBXFileReference; lastKnownFileType = sourcecode.c.objc; path = SceneDelegate.m; sourceTree = "<group>"; };
		047CD3412B90D32400363257 /* ViewController.h */ = {isa = PBXFileReference; lastKnownFileType = sourcecode.c.h; path = ViewController.h; sourceTree = "<group>"; };
		047CD3422B90D32400363257 /* ViewController.m */ = {isa = PBXFileReference; lastKnownFileType = sourcecode.c.objc; path = ViewController.m; sourceTree = "<group>"; };
		047CD3452B90D32400363257 /* Base */ = {isa = PBXFileReference; lastKnownFileType = file.storyboard; name = Base; path = Base.lproj/Main.storyboard; sourceTree = "<group>"; };
		047CD3472B90D32600363257 /* Assets.xcassets */ = {isa = PBXFileReference; lastKnownFileType = folder.assetcatalog; path = Assets.xcassets; sourceTree = "<group>"; };
		047CD34A2B90D32600363257 /* Base */ = {isa = PBXFileReference; lastKnownFileType = file.storyboard; name = Base; path = Base.lproj/LaunchScreen.storyboard; sourceTree = "<group>"; };
		047CD34C2B90D32600363257 /* Info.plist */ = {isa = PBXFileReference; lastKnownFileType = text.plist.xml; path = Info.plist; sourceTree = "<group>"; };
		047CD34D2B90D32600363257 /* main.m */ = {isa = PBXFileReference; lastKnownFileType = sourcecode.c.objc; path = main.m; sourceTree = "<group>"; };
		047CD3532B90D32600363257 /* MyCloudMusicTests.xctest */ = {isa = PBXFileReference; explicitFileType = wrapper.cfbundle; includeInIndex = 0; path = MyCloudMusicTests.xctest; sourceTree = BUILT_PRODUCTS_DIR; };
		047CD3572B90D32600363257 /* MyCloudMusicTests.m */ = {isa = PBXFileReference; lastKnownFileType = sourcecode.c.objc; path = MyCloudMusicTests.m; sourceTree = "<group>"; };
		047CD35D2B90D32600363257 /* MyCloudMusicUITests.xctest */ = {isa = PBXFileReference; explicitFileType = wrapper.cfbundle; includeInIndex = 0; path = MyCloudMusicUITests.xctest; sourceTree = BUILT_PRODUCTS_DIR; };
		047CD3612B90D32600363257 /* MyCloudMusicUITests.m */ = {isa = PBXFileReference; lastKnownFileType = sourcecode.c.objc; path = MyCloudMusicUITests.m; sourceTree = "<group>"; };
		047CD3632B90D32600363257 /* MyCloudMusicUITestsLaunchTests.m */ = {isa = PBXFileReference; lastKnownFileType = sourcecode.c.objc; path = MyCloudMusicUITestsLaunchTests.m; sourceTree = "<group>"; };
/* End PBXFileReference section */

/* Begin PBXFrameworksBuildPhase section */
		047CD3352B90D32400363257 /* Frameworks */ = {
			isa = PBXFrameworksBuildPhase;
			buildActionMask = 2147483647;
			files = (
			);
			runOnlyForDeploymentPostprocessing = 0;
		};
		047CD3502B90D32600363257 /* Frameworks */ = {
			isa = PBXFrameworksBuildPhase;
			buildActionMask = 2147483647;
			files = (
			);
			runOnlyForDeploymentPostprocessing = 0;
		};
		047CD35A2B90D32600363257 /* Frameworks */ = {
			isa = PBXFrameworksBuildPhase;
			buildActionMask = 2147483647;
			files = (
			);
			runOnlyForDeploymentPostprocessing = 0;
		};
/* End PBXFrameworksBuildPhase section */

/* Begin PBXGroup section */
		040AB32E2BA487D000B3C669 /* Controller */ = {
			isa = PBXGroup;
			children = (
				040AB3322BA4887100B3C669 /* SplashController.h */,
				040AB3332BA4887100B3C669 /* SplashController.m */,
				040AB3362BA4898000B3C669 /* LoginHomeController.h */,
				040AB3372BA4898000B3C669 /* LoginHomeController.m */,
				042AFFA22BB02B97009029E9 /* LoginController.h */,
				042AFFA32BB02B97009029E9 /* LoginController.m */,
				042AFFA52BB0665C009029E9 /* RegisterController.h */,
				042AFFA62BB0665C009029E9 /* RegisterController.m */,
			);
			path = Controller;
			sourceTree = "<group>";
		};
		047CD32F2B90D32400363257 = {
			isa = PBXGroup;
			children = (
				047CD33A2B90D32400363257 /* MyCloudMusic */,
				047CD3562B90D32600363257 /* MyCloudMusicTests */,
				047CD3602B90D32600363257 /* MyCloudMusicUITests */,
				047CD3392B90D32400363257 /* Products */,
			);
			sourceTree = "<group>";
		};
		047CD3392B90D32400363257 /* Products */ = {
			isa = PBXGroup;
			children = (
				047CD3382B90D32400363257 /* MyCloudMusic.app */,
				047CD3532B90D32600363257 /* MyCloudMusicTests.xctest */,
				047CD35D2B90D32600363257 /* MyCloudMusicUITests.xctest */,
			);
			name = Products;
			sourceTree = "<group>";
		};
		047CD33A2B90D32400363257 /* MyCloudMusic */ = {
			isa = PBXGroup;
			children = (
				040AB32E2BA487D000B3C669 /* Controller */,
				047CD33B2B90D32400363257 /* AppDelegate.h */,
				047CD33C2B90D32400363257 /* AppDelegate.m */,
				047CD33E2B90D32400363257 /* SceneDelegate.h */,
				047CD33F2B90D32400363257 /* SceneDelegate.m */,
				047CD3412B90D32400363257 /* ViewController.h */,
				047CD3422B90D32400363257 /* ViewController.m */,
				047CD3442B90D32400363257 /* Main.storyboard */,
				047CD3472B90D32600363257 /* Assets.xcassets */,
				047CD3492B90D32600363257 /* LaunchScreen.storyboard */,
				047CD34C2B90D32600363257 /* Info.plist */,
				047CD34D2B90D32600363257 /* main.m */,
			);
			path = MyCloudMusic;
			sourceTree = "<group>";
		};
		047CD3562B90D32600363257 /* MyCloudMusicTests */ = {
			isa = PBXGroup;
			children = (
				047CD3572B90D32600363257 /* MyCloudMusicTests.m */,
			);
			path = MyCloudMusicTests;
			sourceTree = "<group>";
		};
		047CD3602B90D32600363257 /* MyCloudMusicUITests */ = {
			isa = PBXGroup;
			children = (
				047CD3612B90D32600363257 /* MyCloudMusicUITests.m */,
				047CD3632B90D32600363257 /* MyCloudMusicUITestsLaunchTests.m */,
			);
			path = MyCloudMusicUITests;
			sourceTree = "<group>";
		};
/* End PBXGroup section */

/* Begin PBXNativeTarget section */
		047CD3372B90D32400363257 /* MyCloudMusic */ = {
			isa = PBXNativeTarget;
			buildConfigurationList = 047CD3672B90D32600363257 /* Build configuration list for PBXNativeTarget "MyCloudMusic" */;
			buildPhases = (
				047CD3342B90D32400363257 /* Sources */,
				047CD3352B90D32400363257 /* Frameworks */,
				047CD3362B90D32400363257 /* Resources */,
			);
			buildRules = (
			);
			dependencies = (
			);
			name = MyCloudMusic;
			productName = MyCloudMusic;
			productReference = 047CD3382B90D32400363257 /* MyCloudMusic.app */;
			productType = "com.apple.product-type.application";
		};
		047CD3522B90D32600363257 /* MyCloudMusicTests */ = {
			isa = PBXNativeTarget;
			buildConfigurationList = 047CD36A2B90D32600363257 /* Build configuration list for PBXNativeTarget "MyCloudMusicTests" */;
			buildPhases = (
				047CD34F2B90D32600363257 /* Sources */,
				047CD3502B90D32600363257 /* Frameworks */,
				047CD3512B90D32600363257 /* Resources */,
			);
			buildRules = (
			);
			dependencies = (
				047CD3552B90D32600363257 /* PBXTargetDependency */,
			);
			name = MyCloudMusicTests;
			productName = MyCloudMusicTests;
			productReference = 047CD3532B90D32600363257 /* MyCloudMusicTests.xctest */;
			productType = "com.apple.product-type.bundle.unit-test";
		};
		047CD35C2B90D32600363257 /* MyCloudMusicUITests */ = {
			isa = PBXNativeTarget;
			buildConfigurationList = 047CD36D2B90D32600363257 /* Build configuration list for PBXNativeTarget "MyCloudMusicUITests" */;
			buildPhases = (
				047CD3592B90D32600363257 /* Sources */,
				047CD35A2B90D32600363257 /* Frameworks */,
				047CD35B2B90D32600363257 /* Resources */,
			);
			buildRules = (
			);
			dependencies = (
				047CD35F2B90D32600363257 /* PBXTargetDependency */,
			);
			name = MyCloudMusicUITests;
			productName = MyCloudMusicUITests;
			productReference = 047CD35D2B90D32600363257 /* MyCloudMusicUITests.xctest */;
			productType = "com.apple.product-type.bundle.ui-testing";
		};
/* End PBXNativeTarget section */

/* Begin PBXProject section */
		047CD3302B90D32400363257 /* Project object */ = {
			isa = PBXProject;
			attributes = {
				BuildIndependentTargetsInParallel = 1;
				LastUpgradeCheck = 1520;
				TargetAttributes = {
					047CD3372B90D32400363257 = {
						CreatedOnToolsVersion = 15.2;
					};
					047CD3522B90D32600363257 = {
						CreatedOnToolsVersion = 15.2;
						TestTargetID = 047CD3372B90D32400363257;
					};
					047CD35C2B90D32600363257 = {
						CreatedOnToolsVersion = 15.2;
						TestTargetID = 047CD3372B90D32400363257;
					};
				};
			};
			buildConfigurationList = 047CD3332B90D32400363257 /* Build configuration list for PBXProject "MyCloudMusic" */;
			compatibilityVersion = "Xcode 14.0";
			developmentRegion = en;
			hasScannedForEncodings = 0;
			knownRegions = (
				en,
				Base,
			);
			mainGroup = 047CD32F2B90D32400363257;
			productRefGroup = 047CD3392B90D32400363257 /* Products */;
			projectDirPath = "";
			projectRoot = "";
			targets = (
				047CD3372B90D32400363257 /* MyCloudMusic */,
				047CD3522B90D32600363257 /* MyCloudMusicTests */,
				047CD35C2B90D32600363257 /* MyCloudMusicUITests */,
			);
		};
/* End PBXProject section */

/* Begin PBXResourcesBuildPhase section */
		047CD3362B90D32400363257 /* Resources */ = {
			isa = PBXResourcesBuildPhase;
			buildActionMask = 2147483647;
			files = (
				047CD34B2B90D32600363257 /* LaunchScreen.storyboard in Resources */,
				047CD3482B90D32600363257 /* Assets.xcassets in Resources */,
				047CD3462B90D32400363257 /* Main.storyboard in Resources */,
			);
			runOnlyForDeploymentPostprocessing = 0;
		};
		047CD3512B90D32600363257 /* Resources */ = {
			isa = PBXResourcesBuildPhase;
			buildActionMask = 2147483647;
			files = (
			);
			runOnlyForDeploymentPostprocessing = 0;
		};
		047CD35B2B90D32600363257 /* Resources */ = {
			isa = PBXResourcesBuildPhase;
			buildActionMask = 2147483647;
			files = (
			);
			runOnlyForDeploymentPostprocessing = 0;
		};
/* End PBXResourcesBuildPhase section */

/* Begin PBXSourcesBuildPhase section */
		047CD3342B90D32400363257 /* Sources */ = {
			isa = PBXSourcesBuildPhase;
			buildActionMask = 2147483647;
			files = (
				042AFFA72BB0665C009029E9 /* RegisterController.m in Sources */,
				042AFFA42BB02B97009029E9 /* LoginController.m in Sources */,
				047CD3432B90D32400363257 /* ViewController.m in Sources */,
				047CD33D2B90D32400363257 /* AppDelegate.m in Sources */,
				040AB3342BA4887100B3C669 /* SplashController.m in Sources */,
				047CD34E2B90D32600363257 /* main.m in Sources */,
				040AB3382BA4898000B3C669 /* LoginHomeController.m in Sources */,
				047CD3402B90D32400363257 /* SceneDelegate.m in Sources */,
			);
			runOnlyForDeploymentPostprocessing = 0;
		};
		047CD34F2B90D32600363257 /* Sources */ = {
			isa = PBXSourcesBuildPhase;
			buildActionMask = 2147483647;
			files = (
				047CD3582B90D32600363257 /* MyCloudMusicTests.m in Sources */,
			);
			runOnlyForDeploymentPostprocessing = 0;
		};
		047CD3592B90D32600363257 /* Sources */ = {
			isa = PBXSourcesBuildPhase;
			buildActionMask = 2147483647;
			files = (
				047CD3642B90D32600363257 /* MyCloudMusicUITestsLaunchTests.m in Sources */,
				047CD3622B90D32600363257 /* MyCloudMusicUITests.m in Sources */,
			);
			runOnlyForDeploymentPostprocessing = 0;
		};
/* End PBXSourcesBuildPhase section */

/* Begin PBXTargetDependency section */
		047CD3552B90D32600363257 /* PBXTargetDependency */ = {
			isa = PBXTargetDependency;
			target = 047CD3372B90D32400363257 /* MyCloudMusic */;
			targetProxy = 047CD3542B90D32600363257 /* PBXContainerItemProxy */;
		};
		047CD35F2B90D32600363257 /* PBXTargetDependency */ = {
			isa = PBXTargetDependency;
			target = 047CD3372B90D32400363257 /* MyCloudMusic */;
			targetProxy = 047CD35E2B90D32600363257 /* PBXContainerItemProxy */;
		};
/* End PBXTargetDependency section */

/* Begin PBXVariantGroup section */
		047CD3442B90D32400363257 /* Main.storyboard */ = {
			isa = PBXVariantGroup;
			children = (
				047CD3452B90D32400363257 /* Base */,
			);
			name = Main.storyboard;
			sourceTree = "<group>";
		};
		047CD3492B90D32600363257 /* LaunchScreen.storyboard */ = {
			isa = PBXVariantGroup;
			children = (
				047CD34A2B90D32600363257 /* Base */,
			);
			name = LaunchScreen.storyboard;
			sourceTree = "<group>";
		};
/* End PBXVariantGroup section */

/* Begin XCBuildConfiguration section */
		047CD3652B90D32600363257 /* Debug */ = {
			isa = XCBuildConfiguration;
			buildSettings = {
				ALWAYS_SEARCH_USER_PATHS = NO;
				ASSETCATALOG_COMPILER_GENERATE_SWIFT_ASSET_SYMBOL_EXTENSIONS = YES;
				CLANG_ANALYZER_NONNULL = YES;
				CLANG_ANALYZER_NUMBER_OBJECT_CONVERSION = YES_AGGRESSIVE;
				CLANG_CXX_LANGUAGE_STANDARD = "gnu++20";
				CLANG_ENABLE_MODULES = YES;
				CLANG_ENABLE_OBJC_ARC = YES;
				CLANG_ENABLE_OBJC_WEAK = YES;
				CLANG_WARN_BLOCK_CAPTURE_AUTORELEASING = YES;
				CLANG_WARN_BOOL_CONVERSION = YES;
				CLANG_WARN_COMMA = YES;
				CLANG_WARN_CONSTANT_CONVERSION = YES;
				CLANG_WARN_DEPRECATED_OBJC_IMPLEMENTATIONS = YES;
				CLANG_WARN_DIRECT_OBJC_ISA_USAGE = YES_ERROR;
				CLANG_WARN_DOCUMENTATION_COMMENTS = YES;
				CLANG_WARN_EMPTY_BODY = YES;
				CLANG_WARN_ENUM_CONVERSION = YES;
				CLANG_WARN_INFINITE_RECURSION = YES;
				CLANG_WARN_INT_CONVERSION = YES;
				CLANG_WARN_NON_LITERAL_NULL_CONVERSION = YES;
				CLANG_WARN_OBJC_IMPLICIT_RETAIN_SELF = YES;
				CLANG_WARN_OBJC_LITERAL_CONVERSION = YES;
				CLANG_WARN_OBJC_ROOT_CLASS = YES_ERROR;
				CLANG_WARN_QUOTED_INCLUDE_IN_FRAMEWORK_HEADER = YES;
				CLANG_WARN_RANGE_LOOP_ANALYSIS = YES;
				CLANG_WARN_STRICT_PROTOTYPES = YES;
				CLANG_WARN_SUSPICIOUS_MOVE = YES;
				CLANG_WARN_UNGUARDED_AVAILABILITY = YES_AGGRESSIVE;
				CLANG_WARN_UNREACHABLE_CODE = YES;
				CLANG_WARN__DUPLICATE_METHOD_MATCH = YES;
				COPY_PHASE_STRIP = NO;
				DEBUG_INFORMATION_FORMAT = dwarf;
				ENABLE_STRICT_OBJC_MSGSEND = YES;
				ENABLE_TESTABILITY = YES;
				ENABLE_USER_SCRIPT_SANDBOXING = YES;
				GCC_C_LANGUAGE_STANDARD = gnu17;
				GCC_DYNAMIC_NO_PIC = NO;
				GCC_NO_COMMON_BLOCKS = YES;
				GCC_OPTIMIZATION_LEVEL = 0;
				GCC_PREPROCESSOR_DEFINITIONS = (
					"DEBUG=1",
					"$(inherited)",
				);
				GCC_WARN_64_TO_32_BIT_CONVERSION = YES;
				GCC_WARN_ABOUT_RETURN_TYPE = YES_ERROR;
				GCC_WARN_UNDECLARED_SELECTOR = YES;
				GCC_WARN_UNINITIALIZED_AUTOS = YES_AGGRESSIVE;
				GCC_WARN_UNUSED_FUNCTION = YES;
				GCC_WARN_UNUSED_VARIABLE = YES;
				IPHONEOS_DEPLOYMENT_TARGET = 17.2;
				LOCALIZATION_PREFERS_STRING_CATALOGS = YES;
				MTL_ENABLE_DEBUG_INFO = INCLUDE_SOURCE;
				MTL_FAST_MATH = YES;
				ONLY_ACTIVE_ARCH = YES;
				SDKROOT = iphoneos;
			};
			name = Debug;
		};
		047CD3662B90D32600363257 /* Release */ = {
			isa = XCBuildConfiguration;
			buildSettings = {
				ALWAYS_SEARCH_USER_PATHS = NO;
				ASSETCATALOG_COMPILER_GENERATE_SWIFT_ASSET_SYMBOL_EXTENSIONS = YES;
				CLANG_ANALYZER_NONNULL = YES;
				CLANG_ANALYZER_NUMBER_OBJECT_CONVERSION = YES_AGGRESSIVE;
				CLANG_CXX_LANGUAGE_STANDARD = "gnu++20";
				CLANG_ENABLE_MODULES = YES;
				CLANG_ENABLE_OBJC_ARC = YES;
				CLANG_ENABLE_OBJC_WEAK = YES;
				CLANG_WARN_BLOCK_CAPTURE_AUTORELEASING = YES;
				CLANG_WARN_BOOL_CONVERSION = YES;
				CLANG_WARN_COMMA = YES;
				CLANG_WARN_CONSTANT_CONVERSION = YES;
				CLANG_WARN_DEPRECATED_OBJC_IMPLEMENTATIONS = YES;
				CLANG_WARN_DIRECT_OBJC_ISA_USAGE = YES_ERROR;
				CLANG_WARN_DOCUMENTATION_COMMENTS = YES;
				CLANG_WARN_EMPTY_BODY = YES;
				CLANG_WARN_ENUM_CONVERSION = YES;
				CLANG_WARN_INFINITE_RECURSION = YES;
				CLANG_WARN_INT_CONVERSION = YES;
				CLANG_WARN_NON_LITERAL_NULL_CONVERSION = YES;
				CLANG_WARN_OBJC_IMPLICIT_RETAIN_SELF = YES;
				CLANG_WARN_OBJC_LITERAL_CONVERSION = YES;
				CLANG_WARN_OBJC_ROOT_CLASS = YES_ERROR;
				CLANG_WARN_QUOTED_INCLUDE_IN_FRAMEWORK_HEADER = YES;
				CLANG_WARN_RANGE_LOOP_ANALYSIS = YES;
				CLANG_WARN_STRICT_PROTOTYPES = YES;
				CLANG_WARN_SUSPICIOUS_MOVE = YES;
				CLANG_WARN_UNGUARDED_AVAILABILITY = YES_AGGRESSIVE;
				CLANG_WARN_UNREACHABLE_CODE = YES;
				CLANG_WARN__DUPLICATE_METHOD_MATCH = YES;
				COPY_PHASE_STRIP = NO;
				DEBUG_INFORMATION_FORMAT = "dwarf-with-dsym";
				ENABLE_NS_ASSERTIONS = NO;
				ENABLE_STRICT_OBJC_MSGSEND = YES;
				ENABLE_USER_SCRIPT_SANDBOXING = YES;
				GCC_C_LANGUAGE_STANDARD = gnu17;
				GCC_NO_COMMON_BLOCKS = YES;
				GCC_WARN_64_TO_32_BIT_CONVERSION = YES;
				GCC_WARN_ABOUT_RETURN_TYPE = YES_ERROR;
				GCC_WARN_UNDECLARED_SELECTOR = YES;
				GCC_WARN_UNINITIALIZED_AUTOS = YES_AGGRESSIVE;
				GCC_WARN_UNUSED_FUNCTION = YES;
				GCC_WARN_UNUSED_VARIABLE = YES;
				IPHONEOS_DEPLOYMENT_TARGET = 17.2;
				LOCALIZATION_PREFERS_STRING_CATALOGS = YES;
				MTL_ENABLE_DEBUG_INFO = NO;
				MTL_FAST_MATH = YES;
				SDKROOT = iphoneos;
				VALIDATE_PRODUCT = YES;
			};
			name = Release;
		};
		047CD3682B90D32600363257 /* Debug */ = {
			isa = XCBuildConfiguration;
			buildSettings = {
				ASSETCATALOG_COMPILER_APPICON_NAME = AppIcon;
				ASSETCATALOG_COMPILER_GLOBAL_ACCENT_COLOR_NAME = AccentColor;
				CODE_SIGN_STYLE = Automatic;
				CURRENT_PROJECT_VERSION = 1;
				DEVELOPMENT_TEAM = 7885T2GUCE;
				GENERATE_INFOPLIST_FILE = YES;
				INFOPLIST_FILE = MyCloudMusic/Info.plist;
				INFOPLIST_KEY_UIApplicationSupportsIndirectInputEvents = YES;
				INFOPLIST_KEY_UILaunchStoryboardName = LaunchScreen;
				INFOPLIST_KEY_UIMainStoryboardFile = Main;
				INFOPLIST_KEY_UISupportedInterfaceOrientations_iPad = "UIInterfaceOrientationPortrait UIInterfaceOrientationPortraitUpsideDown UIInterfaceOrientationLandscapeLeft UIInterfaceOrientationLandscapeRight";
				INFOPLIST_KEY_UISupportedInterfaceOrientations_iPhone = "UIInterfaceOrientationPortrait UIInterfaceOrientationLandscapeLeft UIInterfaceOrientationLandscapeRight";
				IPHONEOS_DEPLOYMENT_TARGET = 16.2;
				LD_RUNPATH_SEARCH_PATHS = (
					"$(inherited)",
					"@executable_path/Frameworks",
				);
				MARKETING_VERSION = 1.0;
				PRODUCT_BUNDLE_IDENTIFIER = com.ixuea.course.MyCloudMusic;
				PRODUCT_NAME = "$(TARGET_NAME)";
				SWIFT_EMIT_LOC_STRINGS = YES;
				TARGETED_DEVICE_FAMILY = "1,2";
			};
			name = Debug;
		};
		047CD3692B90D32600363257 /* Release */ = {
			isa = XCBuildConfiguration;
			buildSettings = {
				ASSETCATALOG_COMPILER_APPICON_NAME = AppIcon;
				ASSETCATALOG_COMPILER_GLOBAL_ACCENT_COLOR_NAME = AccentColor;
				CODE_SIGN_STYLE = Automatic;
				CURRENT_PROJECT_VERSION = 1;
				DEVELOPMENT_TEAM = 7885T2GUCE;
				GENERATE_INFOPLIST_FILE = YES;
				INFOPLIST_FILE = MyCloudMusic/Info.plist;
				INFOPLIST_KEY_UIApplicationSupportsIndirectInputEvents = YES;
				INFOPLIST_KEY_UILaunchStoryboardName = LaunchScreen;
				INFOPLIST_KEY_UIMainStoryboardFile = Main;
				INFOPLIST_KEY_UISupportedInterfaceOrientations_iPad = "UIInterfaceOrientationPortrait UIInterfaceOrientationPortraitUpsideDown UIInterfaceOrientationLandscapeLeft UIInterfaceOrientationLandscapeRight";
				INFOPLIST_KEY_UISupportedInterfaceOrientations_iPhone = "UIInterfaceOrientationPortrait UIInterfaceOrientationLandscapeLeft UIInterfaceOrientationLandscapeRight";
				IPHONEOS_DEPLOYMENT_TARGET = 16.2;
				LD_RUNPATH_SEARCH_PATHS = (
					"$(inherited)",
					"@executable_path/Frameworks",
				);
				MARKETING_VERSION = 1.0;
				PRODUCT_BUNDLE_IDENTIFIER = com.ixuea.course.MyCloudMusic;
				PRODUCT_NAME = "$(TARGET_NAME)";
				SWIFT_EMIT_LOC_STRINGS = YES;
				TARGETED_DEVICE_FAMILY = "1,2";
			};
			name = Release;
		};
		047CD36B2B90D32600363257 /* Debug */ = {
			isa = XCBuildConfiguration;
			buildSettings = {
				BUNDLE_LOADER = "$(TEST_HOST)";
				CODE_SIGN_STYLE = Automatic;
				CURRENT_PROJECT_VERSION = 1;
				DEVELOPMENT_TEAM = 7885T2GUCE;
				GENERATE_INFOPLIST_FILE = YES;
				IPHONEOS_DEPLOYMENT_TARGET = 17.2;
				MARKETING_VERSION = 1.0;
				PRODUCT_BUNDLE_IDENTIFIER = com.ixuea.course.MyCloudMusicTests;
				PRODUCT_NAME = "$(TARGET_NAME)";
				SWIFT_EMIT_LOC_STRINGS = NO;
				TARGETED_DEVICE_FAMILY = "1,2";
				TEST_HOST = "$(BUILT_PRODUCTS_DIR)/MyCloudMusic.app/$(BUNDLE_EXECUTABLE_FOLDER_PATH)/MyCloudMusic";
			};
			name = Debug;
		};
		047CD36C2B90D32600363257 /* Release */ = {
			isa = XCBuildConfiguration;
			buildSettings = {
				BUNDLE_LOADER = "$(TEST_HOST)";
				CODE_SIGN_STYLE = Automatic;
				CURRENT_PROJECT_VERSION = 1;
				DEVELOPMENT_TEAM = 7885T2GUCE;
				GENERATE_INFOPLIST_FILE = YES;
				IPHONEOS_DEPLOYMENT_TARGET = 17.2;
				MARKETING_VERSION = 1.0;
				PRODUCT_BUNDLE_IDENTIFIER = com.ixuea.course.MyCloudMusicTests;
				PRODUCT_NAME = "$(TARGET_NAME)";
				SWIFT_EMIT_LOC_STRINGS = NO;
				TARGETED_DEVICE_FAMILY = "1,2";
				TEST_HOST = "$(BUILT_PRODUCTS_DIR)/MyCloudMusic.app/$(BUNDLE_EXECUTABLE_FOLDER_PATH)/MyCloudMusic";
			};
			name = Release;
		};
		047CD36E2B90D32600363257 /* Debug */ = {
			isa = XCBuildConfiguration;
			buildSettings = {
				CODE_SIGN_STYLE = Automatic;
				CURRENT_PROJECT_VERSION = 1;
				DEVELOPMENT_TEAM = 7885T2GUCE;
				GENERATE_INFOPLIST_FILE = YES;
				MARKETING_VERSION = 1.0;
				PRODUCT_BUNDLE_IDENTIFIER = com.ixuea.course.MyCloudMusicUITests;
				PRODUCT_NAME = "$(TARGET_NAME)";
				SWIFT_EMIT_LOC_STRINGS = NO;
				TARGETED_DEVICE_FAMILY = "1,2";
				TEST_TARGET_NAME = MyCloudMusic;
			};
			name = Debug;
		};
		047CD36F2B90D32600363257 /* Release */ = {
			isa = XCBuildConfiguration;
			buildSettings = {
				CODE_SIGN_STYLE = Automatic;
				CURRENT_PROJECT_VERSION = 1;
				DEVELOPMENT_TEAM = 7885T2GUCE;
				GENERATE_INFOPLIST_FILE = YES;
				MARKETING_VERSION = 1.0;
				PRODUCT_BUNDLE_IDENTIFIER = com.ixuea.course.MyCloudMusicUITests;
				PRODUCT_NAME = "$(TARGET_NAME)";
				SWIFT_EMIT_LOC_STRINGS = NO;
				TARGETED_DEVICE_FAMILY = "1,2";
				TEST_TARGET_NAME = MyCloudMusic;
			};
			name = Release;
		};
/* End XCBuildConfiguration section */

/* Begin XCConfigurationList section */
		047CD3332B90D32400363257 /* Build configuration list for PBXProject "MyCloudMusic" */ = {
			isa = XCConfigurationList;
			buildConfigurations = (
				047CD3652B90D32600363257 /* Debug */,
				047CD3662B90D32600363257 /* Release */,
			);
			defaultConfigurationIsVisible = 0;
			defaultConfigurationName = Release;
		};
		047CD3672B90D32600363257 /* Build configuration list for PBXNativeTarget "MyCloudMusic" */ = {
			isa = XCConfigurationList;
			buildConfigurations = (
				047CD3682B90D32600363257 /* Debug */,
				047CD3692B90D32600363257 /* Release */,
			);
			defaultConfigurationIsVisible = 0;
			defaultConfigurationName = Release;
		};
		047CD36A2B90D32600363257 /* Build configuration list for PBXNativeTarget "MyCloudMusicTests" */ = {
			isa = XCConfigurationList;
			buildConfigurations = (
				047CD36B2B90D32600363257 /* Debug */,
				047CD36C2B90D32600363257 /* Release */,
			);
			defaultConfigurationIsVisible = 0;
			defaultConfigurationName = Release;
		};
		047CD36D2B90D32600363257 /* Build configuration list for PBXNativeTarget "MyCloudMusicUITests" */ = {
			isa = XCConfigurationList;
			buildConfigurations = (
				047CD36E2B90D32600363257 /* Debug */,
				047CD36F2B90D32600363257 /* Release */,
			);
			defaultConfigurationIsVisible = 0;
			defaultConfigurationName = Release;
		};
/* End XCConfigurationList section */
	};
	rootObject = 047CD3302B90D32400363257 /* Project object */;
}
